// !$*UTF8*$!
{
	archiveVersion = 1;
	classes = {
	};
	objectVersion = 50;
	objects = {

/* Begin PBXBuildFile section */
		2439C970219AF19D0067B1B4 /* AppDelegate.swift in Sources */ = {isa = PBXBuildFile; fileRef = 2439C96F219AF19D0067B1B4 /* AppDelegate.swift */; };
		2439C972219AF19D0067B1B4 /* ViewController.swift in Sources */ = {isa = PBXBuildFile; fileRef = 2439C971219AF19D0067B1B4 /* ViewController.swift */; };
		2439C975219AF19D0067B1B4 /* Main.storyboard in Resources */ = {isa = PBXBuildFile; fileRef = 2439C973219AF19D0067B1B4 /* Main.storyboard */; };
		2439C978219AF19D0067B1B4 /* SampleTask.xcdatamodeld in Sources */ = {isa = PBXBuildFile; fileRef = 2439C976219AF19D0067B1B4 /* SampleTask.xcdatamodeld */; };
		2439C97A219AF1B00067B1B4 /* Assets.xcassets in Resources */ = {isa = PBXBuildFile; fileRef = 2439C979219AF1B00067B1B4 /* Assets.xcassets */; };
		2439C97D219AF1B00067B1B4 /* LaunchScreen.storyboard in Resources */ = {isa = PBXBuildFile; fileRef = 2439C97B219AF1B00067B1B4 /* LaunchScreen.storyboard */; };
		2439C986219AF53F0067B1B4 /* CustomCell.swift in Sources */ = {isa = PBXBuildFile; fileRef = 2439C984219AF53F0067B1B4 /* CustomCell.swift */; };
		2439C987219AF53F0067B1B4 /* CustomCell.xib in Resources */ = {isa = PBXBuildFile; fileRef = 2439C985219AF53F0067B1B4 /* CustomCell.xib */; };
/* End PBXBuildFile section */

/* Begin PBXFileReference section */
		2439C96C219AF19C0067B1B4 /* SampleTask.app */ = {isa = PBXFileReference; explicitFileType = wrapper.application; includeInIndex = 0; path = SampleTask.app; sourceTree = BUILT_PRODUCTS_DIR; };
		2439C96F219AF19D0067B1B4 /* AppDelegate.swift */ = {isa = PBXFileReference; lastKnownFileType = sourcecode.swift; path = AppDelegate.swift; sourceTree = "<group>"; };
		2439C971219AF19D0067B1B4 /* ViewController.swift */ = {isa = PBXFileReference; lastKnownFileType = sourcecode.swift; path = ViewController.swift; sourceTree = "<group>"; };
		2439C974219AF19D0067B1B4 /* Base */ = {isa = PBXFileReference; lastKnownFileType = file.storyboard; name = Base; path = Base.lproj/Main.storyboard; sourceTree = "<group>"; };
		2439C977219AF19D0067B1B4 /* SampleTask.xcdatamodel */ = {isa = PBXFileReference; lastKnownFileType = wrapper.xcdatamodel; path = SampleTask.xcdatamodel; sourceTree = "<group>"; };
		2439C979219AF1B00067B1B4 /* Assets.xcassets */ = {isa = PBXFileReference; lastKnownFileType = folder.assetcatalog; path = Assets.xcassets; sourceTree = "<group>"; };
		2439C97C219AF1B00067B1B4 /* Base */ = {isa = PBXFileReference; lastKnownFileType = file.storyboard; name = Base; path = Base.lproj/LaunchScreen.storyboard; sourceTree = "<group>"; };
		2439C97E219AF1B00067B1B4 /* Info.plist */ = {isa = PBXFileReference; lastKnownFileType = text.plist.xml; path = Info.plist; sourceTree = "<group>"; };
		2439C984219AF53F0067B1B4 /* CustomCell.swift */ = {isa = PBXFileReference; lastKnownFileType = sourcecode.swift; path = CustomCell.swift; sourceTree = "<group>"; };
		2439C985219AF53F0067B1B4 /* CustomCell.xib */ = {isa = PBXFileReference; lastKnownFileType = file.xib; path = CustomCell.xib; sourceTree = "<group>"; };
/* End PBXFileReference section */

/* Begin PBXFrameworksBuildPhase section */
		2439C969219AF19C0067B1B4 /* Frameworks */ = {
			isa = PBXFrameworksBuildPhase;
			buildActionMask = 2147483647;
			files = (
			);
			runOnlyForDeploymentPostprocessing = 0;
		};
/* End PBXFrameworksBuildPhase section */

/* Begin PBXGroup section */
		2439C963219AF19C0067B1B4 = {
			isa = PBXGroup;
			children = (
				2439C96E219AF19D0067B1B4 /* SampleTask */,
				2439C96D219AF19C0067B1B4 /* Products */,
			);
			sourceTree = "<group>";
		};
		2439C96D219AF19C0067B1B4 /* Products */ = {
			isa = PBXGroup;
			children = (
				2439C96C219AF19C0067B1B4 /* SampleTask.app */,
			);
			name = Products;
			sourceTree = "<group>";
		};
		2439C96E219AF19D0067B1B4 /* SampleTask */ = {
			isa = PBXGroup;
			children = (
				2439C96F219AF19D0067B1B4 /* AppDelegate.swift */,
				2439C971219AF19D0067B1B4 /* ViewController.swift */,
				2439C973219AF19D0067B1B4 /* Main.storyboard */,
				2439C979219AF1B00067B1B4 /* Assets.xcassets */,
				2439C97B219AF1B00067B1B4 /* LaunchScreen.storyboard */,
				2439C97E219AF1B00067B1B4 /* Info.plist */,
				2439C976219AF19D0067B1B4 /* SampleTask.xcdatamodeld */,
				2439C984219AF53F0067B1B4 /* CustomCell.swift */,
				2439C985219AF53F0067B1B4 /* CustomCell.xib */,
			);
			path = SampleTask;
			sourceTree = "<group>";
		};
/* End PBXGroup section */

/* Begin PBXNativeTarget section */
		2439C96B219AF19C0067B1B4 /* SampleTask */ = {
			isa = PBXNativeTarget;
			buildConfigurationList = 2439C981219AF1B00067B1B4 /* Build configuration list for PBXNativeTarget "SampleTask" */;
			buildPhases = (
				2439C968219AF19C0067B1B4 /* Sources */,
				2439C969219AF19C0067B1B4 /* Frameworks */,
				2439C96A219AF19C0067B1B4 /* Resources */,
			);
			buildRules = (
			);
			dependencies = (
			);
			name = SampleTask;
			productName = SampleTask;
			productReference = 2439C96C219AF19C0067B1B4 /* SampleTask.app */;
			productType = "com.apple.product-type.application";
		};
/* End PBXNativeTarget section */

/* Begin PBXProject section */
		2439C964219AF19C0067B1B4 /* Project object */ = {
			isa = PBXProject;
			attributes = {
				LastSwiftUpdateCheck = 1000;
				LastUpgradeCheck = 1000;
				ORGANIZATIONNAME = bhupendra;
				TargetAttributes = {
					2439C96B219AF19C0067B1B4 = {
						CreatedOnToolsVersion = 10.0;
					};
				};
			};
			buildConfigurationList = 2439C967219AF19C0067B1B4 /* Build configuration list for PBXProject "SampleTask" */;
			compatibilityVersion = "Xcode 9.3";
			developmentRegion = en;
			hasScannedForEncodings = 0;
			knownRegions = (
				en,
				Base,
			);
			mainGroup = 2439C963219AF19C0067B1B4;
			productRefGroup = 2439C96D219AF19C0067B1B4 /* Products */;
			projectDirPath = "";
			projectRoot = "";
			targets = (
				2439C96B219AF19C0067B1B4 /* SampleTask */,
			);
		};
/* End PBXProject section */

/* Begin PBXResourcesBuildPhase section */
		2439C96A219AF19C0067B1B4 /* Resources */ = {
			isa = PBXResourcesBuildPhase;
			buildActionMask = 2147483647;
			files = (
				2439C97D219AF1B00067B1B4 /* LaunchScreen.storyboard in Resources */,
				2439C97A219AF1B00067B1B4 /* Assets.xcassets in Resources */,
				2439C987219AF53F0067B1B4 /* CustomCell.xib in Resources */,
				2439C975219AF19D0067B1B4 /* Main.storyboard in Resources */,
			);
			runOnlyForDeploymentPostprocessing = 0;
		};
/* End PBXResourcesBuildPhase section */

/* Begin PBXSourcesBuildPhase section */
		2439C968219AF19C0067B1B4 /* Sources */ = {
			isa = PBXSourcesBuildPhase;
			buildActionMask = 2147483647;
			files = (
				2439C972219AF19D0067B1B4 /* ViewController.swift in Sources */,
				2439C978219AF19D0067B1B4 /* SampleTask.xcdatamodeld in Sources */,
				2439C986219AF53F0067B1B4 /* CustomCell.swift in Sources */,
				2439C970219AF19D0067B1B4 /* AppDelegate.swift in Sources */,
			);
			runOnlyForDeploymentPostprocessing = 0;
		};
/* End PBXSourcesBuildPhase section */

/* Begin PBXVariantGroup section */
		2439C973219AF19D0067B1B4 /* Main.storyboard */ = {
			isa = PBXVariantGroup;
			children = (
				2439C974219AF19D0067B1B4 /* Base */,
			);
			name = Main.storyboard;
			sourceTree = "<group>";
		};
		2439C97B219AF1B00067B1B4 /* LaunchScreen.storyboard */ = {
			isa = PBXVariantGroup;
			children = (
				2439C97C219AF1B00067B1B4 /* Base */,
			);
			name = LaunchScreen.storyboard;
			sourceTree = "<group>";
		};
/* End PBXVariantGroup section */

/* Begin XCBuildConfiguration section */
		2439C97F219AF1B00067B1B4 /* Debug */ = {
			isa = XCBuildConfiguration;
			buildSettings = {
				ALWAYS_SEARCH_USER_PATHS = NO;
				CLANG_ANALYZER_NONNULL = YES;
				CLANG_ANALYZER_NUMBER_OBJECT_CONVERSION = YES_AGGRESSIVE;
				CLANG_CXX_LANGUAGE_STANDARD = "gnu++14";
				CLANG_CXX_LIBRARY = "libc++";
				CLANG_ENABLE_MODULES = YES;
				CLANG_ENABLE_OBJC_ARC = YES;
				CLANG_ENABLE_OBJC_WEAK = YES;
				CLANG_WARN_BLOCK_CAPTURE_AUTORELEASING = YES;
				CLANG_WARN_BOOL_CONVERSION = YES;
				CLANG_WARN_COMMA = YES;
				CLANG_WARN_CONSTANT_CONVERSION = YES;
				CLANG_WARN_DEPRECATED_OBJC_IMPLEMENTATIONS = YES;
				CLANG_WARN_DIRECT_OBJC_ISA_USAGE = YES_ERROR;
				CLANG_WARN_DOCUMENTATION_COMMENTS = YES;
				CLANG_WARN_EMPTY_BODY = YES;
				CLANG_WARN_ENUM_CONVERSION = YES;
				CLANG_WARN_INFINITE_RECURSION = YES;
				CLANG_WARN_INT_CONVERSION = YES;
				CLANG_WARN_NON_LITERAL_NULL_CONVERSION = YES;
				CLANG_WARN_OBJC_IMPLICIT_RETAIN_SELF = YES;
				CLANG_WARN_OBJC_LITERAL_CONVERSION = YES;
				CLANG_WARN_OBJC_ROOT_CLASS = YES_ERROR;
				CLANG_WARN_RANGE_LOOP_ANALYSIS = YES;
				CLANG_WARN_STRICT_PROTOTYPES = YES;
				CLANG_WARN_SUSPICIOUS_MOVE = YES;
				CLANG_WARN_UNGUARDED_AVAILABILITY = YES_AGGRESSIVE;
				CLANG_WARN_UNREACHABLE_CODE = YES;
				CLANG_WARN__DUPLICATE_METHOD_MATCH = YES;
				CODE_SIGN_IDENTITY = "iPhone Developer";
				COPY_PHASE_STRIP = NO;
				DEBUG_INFORMATION_FORMAT = dwarf;
				ENABLE_STRICT_OBJC_MSGSEND = YES;
				ENABLE_TESTABILITY = YES;
				GCC_C_LANGUAGE_STANDARD = gnu11;
				GCC_DYNAMIC_NO_PIC = NO;
				GCC_NO_COMMON_BLOCKS = YES;
				GCC_OPTIMIZATION_LEVEL = 0;
				GCC_PREPROCESSOR_DEFINITIONS = (
					"DEBUG=1",
					"$(inherited)",
				);
				GCC_WARN_64_TO_32_BIT_CONVERSION = YES;
				GCC_WARN_ABOUT_RETURN_TYPE = YES_ERROR;
				GCC_WARN_UNDECLARED_SELECTOR = YES;
				GCC_WARN_UNINITIALIZED_AUTOS = YES_AGGRESSIVE;
				GCC_WARN_UNUSED_FUNCTION = YES;
				GCC_WARN_UNUSED_VARIABLE = YES;
				IPHONEOS_DEPLOYMENT_TARGET = 12.0;
				MTL_ENABLE_DEBUG_INFO = INCLUDE_SOURCE;
				MTL_FAST_MATH = YES;
				ONLY_ACTIVE_ARCH = YES;
				SDKROOT = iphoneos;
				SWIFT_ACTIVE_COMPILATION_CONDITIONS = DEBUG;
				SWIFT_OPTIMIZATION_LEVEL = "-Onone";
			};
			name = Debug;
		};
		2439C980219AF1B00067B1B4 /* Release */ = {
			isa = XCBuildConfiguration;
			buildSettings = {
				ALWAYS_SEARCH_USER_PATHS = NO;
				CLANG_ANALYZER_NONNULL = YES;
				CLANG_ANALYZER_NUMBER_OBJECT_CONVERSION = YES_AGGRESSIVE;
				CLANG_CXX_LANGUAGE_STANDARD = "gnu++14";
				CLANG_CXX_LIBRARY = "libc++";
				CLANG_ENABLE_MODULES = YES;
				CLANG_ENABLE_OBJC_ARC = YES;
				CLANG_ENABLE_OBJC_WEAK = YES;
				CLANG_WARN_BLOCK_CAPTURE_AUTORELEASING = YES;
				CLANG_WARN_BOOL_CONVERSION = YES;
				CLANG_WARN_COMMA = YES;
				CLANG_WARN_CONSTANT_CONVERSION = YES;
				CLANG_WARN_DEPRECATED_OBJC_IMPLEMENTATIONS = YES;
				CLANG_WARN_DIRECT_OBJC_ISA_USAGE = YES_ERROR;
				CLANG_WARN_DOCUMENTATION_COMMENTS = YES;
				CLANG_WARN_EMPTY_BODY = YES;
				CLANG_WARN_ENUM_CONVERSION = YES;
				CLANG_WARN_INFINITE_RECURSION = YES;
				CLANG_WARN_INT_CONVERSION = YES;
				CLANG_WARN_NON_LITERAL_NULL_CONVERSION = YES;
				CLANG_WARN_OBJC_IMPLICIT_RETAIN_SELF = YES;
				CLANG_WARN_OBJC_LITERAL_CONVERSION = YES;
				CLANG_WARN_OBJC_ROOT_CLASS = YES_ERROR;
				CLANG_WARN_RANGE_LOOP_ANALYSIS = YES;
				CLANG_WARN_STRICT_PROTOTYPES = YES;
				CLANG_WARN_SUSPICIOUS_MOVE = YES;
				CLANG_WARN_UNGUARDED_AVAILABILITY = YES_AGGRESSIVE;
				CLANG_WARN_UNREACHABLE_CODE = YES;
				CLANG_WARN__DUPLICATE_METHOD_MATCH = YES;
				CODE_SIGN_IDENTITY = "iPhone Developer";
				COPY_PHASE_STRIP = NO;
				DEBUG_INFORMATION_FORMAT = "dwarf-with-dsym";
				ENABLE_NS_ASSERTIONS = NO;
				ENABLE_STRICT_OBJC_MSGSEND = YES;
				GCC_C_LANGUAGE_STANDARD = gnu11;
				GCC_NO_COMMON_BLOCKS = YES;
				GCC_WARN_64_TO_32_BIT_CONVERSION = YES;
				GCC_WARN_ABOUT_RETURN_TYPE = YES_ERROR;
				GCC_WARN_UNDECLARED_SELECTOR = YES;
				GCC_WARN_UNINITIALIZED_AUTOS = YES_AGGRESSIVE;
				GCC_WARN_UNUSED_FUNCTION = YES;
				GCC_WARN_UNUSED_VARIABLE = YES;
				IPHONEOS_DEPLOYMENT_TARGET = 12.0;
				MTL_ENABLE_DEBUG_INFO = NO;
				MTL_FAST_MATH = YES;
				SDKROOT = iphoneos;
				SWIFT_COMPILATION_MODE = wholemodule;
				SWIFT_OPTIMIZATION_LEVEL = "-O";
				VALIDATE_PRODUCT = YES;
			};
			name = Release;
		};
		2439C982219AF1B00067B1B4 /* Debug */ = {
			isa = XCBuildConfiguration;
			buildSettings = {
				ASSETCATALOG_COMPILER_APPICON_NAME = AppIcon;
				CODE_SIGN_STYLE = Automatic;
				INFOPLIST_FILE = SampleTask/Info.plist;
				LD_RUNPATH_SEARCH_PATHS = (
					"$(inherited)",
					"@executable_path/Frameworks",
				);
				PRODUCT_BUNDLE_IDENTIFIER = jasspro.SampleTask;
				PRODUCT_NAME = "$(TARGET_NAME)";
				SWIFT_VERSION = 4.2;
				TARGETED_DEVICE_FAMILY = "1,2";
			};
			name = Debug;
		};
		2439C983219AF1B00067B1B4 /* Release */ = {
			isa = XCBuildConfiguration;
			buildSettings = {
				ASSETCATALOG_COMPILER_APPICON_NAME = AppIcon;
				CODE_SIGN_STYLE = Automatic;
				INFOPLIST_FILE = SampleTask/Info.plist;
				LD_RUNPATH_SEARCH_PATHS = (
					"$(inherited)",
					"@executable_path/Frameworks",
				);
				PRODUCT_BUNDLE_IDENTIFIER = jasspro.SampleTask;
				PRODUCT_NAME = "$(TARGET_NAME)";
				SWIFT_VERSION = 4.2;
				TARGETED_DEVICE_FAMILY = "1,2";
			};
			name = Release;
		};
/* End XCBuildConfiguration section */

/* Begin XCConfigurationList section */
		2439C967219AF19C0067B1B4 /* Build configuration list for PBXProject "SampleTask" */ = {
			isa = XCConfigurationList;
			buildConfigurations = (
				2439C97F219AF1B00067B1B4 /* Debug */,
				2439C980219AF1B00067B1B4 /* Release */,
			);
			defaultConfigurationIsVisible = 0;
			defaultConfigurationName = Release;
		};
		2439C981219AF1B00067B1B4 /* Build configuration list for PBXNativeTarget "SampleTask" */ = {
			isa = XCConfigurationList;
			buildConfigurations = (
				2439C982219AF1B00067B1B4 /* Debug */,
				2439C983219AF1B00067B1B4 /* Release */,
			);
			defaultConfigurationIsVisible = 0;
			defaultConfigurationName = Release;
		};
/* End XCConfigurationList section */

/* Begin XCVersionGroup section */
		2439C976219AF19D0067B1B4 /* SampleTask.xcdatamodeld */ = {
			isa = XCVersionGroup;
			children = (
				2439C977219AF19D0067B1B4 /* SampleTask.xcdatamodel */,
			);
			currentVersion = 2439C977219AF19D0067B1B4 /* SampleTask.xcdatamodel */;
			path = SampleTask.xcdatamodeld;
			sourceTree = "<group>";
			versionGroupType = wrapper.xcdatamodel;
		};
/* End XCVersionGroup section */
	};
	rootObject = 2439C964219AF19C0067B1B4 /* Project object */;
}
